
Microsoft Visual Studio Solution File, Format Version 12.00
# Visual Studio Version 17
VisualStudioVersion = 17.13.35828.75 d17.13
MinimumVisualStudioVersion = 10.0.40219.1
Project("{FAE04EC0-301F-11D3-BF4B-00C04F79EFBC}") = "InhertanceAndServiceClass2", "InhertanceAndServiceClass2\InhertanceAndServiceClass2.csproj", "{ABFE514F-00C7-4B7D-B51A-40E5BFE09E2F}"
EndProject
Global
	GlobalSection(SolutionConfigurationPlatforms) = preSolution
		Debug|Any CPU = Debug|Any CPU
		Release|Any CPU = Release|Any CPU
	EndGlobalSection
	GlobalSection(ProjectConfigurationPlatforms) = postSolution
		{ABFE514F-00C7-4B7D-B51A-40E5BFE09E2F}.Debug|Any CPU.ActiveCfg = Debug|Any CPU
		{ABFE514F-00C7-4B7D-B51A-40E5BFE09E2F}.Debug|Any CPU.Build.0 = Debug|Any CPU
		{ABFE514F-00C7-4B7D-B51A-40E5BFE09E2F}.Release|Any CPU.ActiveCfg = Release|Any CPU
		{ABFE514F-00C7-4B7D-B51A-40E5BFE09E2F}.Release|Any CPU.Build.0 = Release|Any CPU
	EndGlobalSection
	GlobalSection(SolutionProperties) = preSolution
		HideSolutionNode = FALSE
	EndGlobalSection
	GlobalSection(ExtensibilityGlobals) = postSolution
		SolutionGuid = {B4FF6CD9-73C2-4CD7-ABA8-A88143121C7A}
	EndGlobalSection
EndGlobal
